
Microsoft Visual Studio Solution File, Format Version 12.00
# Visual Studio 15
VisualStudioVersion = 15.0.27703.2026
MinimumVisualStudioVersion = 10.0.40219.1
Project("{FAE04EC0-301F-11D3-BF4B-00C04F79EFBC}") = "npoi_Example", "npoi_Example\npoi_Example.csproj", "{B796FD3A-29E6-4D1C-9111-4348F6228637}"
EndProject
Global
	GlobalSection(SolutionConfigurationPlatforms) = preSolution
		Debug|Any CPU = Debug|Any CPU
		Release|Any CPU = Release|Any CPU
	EndGlobalSection
	GlobalSection(ProjectConfigurationPlatforms) = postSolution
		{B796FD3A-29E6-4D1C-9111-4348F6228637}.Debug|Any CPU.ActiveCfg = Debug|Any CPU
		{B796FD3A-29E6-4D1C-9111-4348F6228637}.Debug|Any CPU.Build.0 = Debug|Any CPU
		{B796FD3A-29E6-4D1C-9111-4348F6228637}.Release|Any CPU.ActiveCfg = Release|Any CPU
		{B796FD3A-29E6-4D1C-9111-4348F6228637}.Release|Any CPU.Build.0 = Release|Any CPU
	EndGlobalSection
	GlobalSection(SolutionProperties) = preSolution
		HideSolutionNode = FALSE
	EndGlobalSection
	GlobalSection(ExtensibilityGlobals) = postSolution
		SolutionGuid = {5F5FE371-4D5F-4B6A-8E9D-EB3AAD73B0EC}
	EndGlobalSection
EndGlobal
